
Microsoft Visual Studio Solution File, Format Version 12.00
# Visual Studio Version 17
VisualStudioVersion = 17.8.34322.80
MinimumVisualStudioVersion = 10.0.40219.1
Project("{FAE04EC0-301F-11D3-BF4B-00C04F79EFBC}") = "PerfectDecimal", "PerfectDecimal\PerfectDecimal.csproj", "{316EF114-0E6F-4AEC-9EFD-172B9E752046}"
EndProject
Global
	GlobalSection(SolutionConfigurationPlatforms) = preSolution
		Debug|Any CPU = Debug|Any CPU
		Release|Any CPU = Release|Any CPU
	EndGlobalSection
	GlobalSection(ProjectConfigurationPlatforms) = postSolution
		{316EF114-0E6F-4AEC-9EFD-172B9E752046}.Debug|Any CPU.ActiveCfg = Debug|Any CPU
		{316EF114-0E6F-4AEC-9EFD-172B9E752046}.Debug|Any CPU.Build.0 = Debug|Any CPU
		{316EF114-0E6F-4AEC-9EFD-172B9E752046}.Release|Any CPU.ActiveCfg = Release|Any CPU
		{316EF114-0E6F-4AEC-9EFD-172B9E752046}.Release|Any CPU.Build.0 = Release|Any CPU
	EndGlobalSection
	GlobalSection(SolutionProperties) = preSolution
		HideSolutionNode = FALSE
	EndGlobalSection
	GlobalSection(ExtensibilityGlobals) = postSolution
		SolutionGuid = {3C0A4E4F-F73B-4BE6-92E7-84AD6016EB15}
	EndGlobalSection
EndGlobal
